
Microsoft Visual Studio Solution File, Format Version 11.00
# Visual Studio 2010
Project("{FAE04EC0-301F-11D3-BF4B-00C04F79EFBC}") = "UnityEngine.UI", "UnityEngine.UI.csproj", "{b906c14f-52e5-e061-302e-67b32325493f}"
EndProject
Project("{FAE04EC0-301F-11D3-BF4B-00C04F79EFBC}") = "SimpleWebTransport", "SimpleWebTransport.csproj", "{eaa78b9a-0355-68e7-73a9-89e3fb94c336}"
EndProject
Project("{FAE04EC0-301F-11D3-BF4B-00C04F79EFBC}") = "Mirror.Examples", "Mirror.Examples.csproj", "{8ffc6190-0247-c189-912c-9e6c442ace8a}"
EndProject
Project("{FAE04EC0-301F-11D3-BF4B-00C04F79EFBC}") = "Mirror", "Mirror.csproj", "{79459773-182e-5778-4695-30b6bdc520ed}"
EndProject
Project("{FAE04EC0-301F-11D3-BF4B-00C04F79EFBC}") = "Mirror.Components", "Mirror.Components.csproj", "{2486cb9d-d1f0-a7e0-3d01-b1a1331e50c9}"
EndProject
Project("{FAE04EC0-301F-11D3-BF4B-00C04F79EFBC}") = "Mirror.Transports", "Mirror.Transports.csproj", "{9e1fb6eb-bbcb-ee78-007c-4add5eb52b0a}"
EndProject
Project("{FAE04EC0-301F-11D3-BF4B-00C04F79EFBC}") = "Telepathy", "Telepathy.csproj", "{d3f4773c-de95-3c69-62b3-f069b06c5b37}"
EndProject
Project("{FAE04EC0-301F-11D3-BF4B-00C04F79EFBC}") = "Assembly-CSharp", "Assembly-CSharp.csproj", "{c039814f-66d7-36b8-ea45-9b1a27195d7f}"
EndProject
Project("{FAE04EC0-301F-11D3-BF4B-00C04F79EFBC}") = "kcp2k", "kcp2k.csproj", "{99b6ccbd-ff90-31cf-ed26-94f4a8076025}"
EndProject
Project("{FAE04EC0-301F-11D3-BF4B-00C04F79EFBC}") = "Mirror.Authenticators", "Mirror.Authenticators.csproj", "{9ee29865-a770-a234-f65e-38b078389c66}"
EndProject
Project("{FAE04EC0-301F-11D3-BF4B-00C04F79EFBC}") = "Unity.Mirror.CodeGen", "Unity.Mirror.CodeGen.csproj", "{03492192-284c-bce2-752c-ef587a214436}"
EndProject
Project("{FAE04EC0-301F-11D3-BF4B-00C04F79EFBC}") = "Unity.2D.Tilemap.Editor", "Unity.2D.Tilemap.Editor.csproj", "{2a3531ff-d094-6384-ae12-ff8868cd3801}"
EndProject
Project("{FAE04EC0-301F-11D3-BF4B-00C04F79EFBC}") = "Mirror.Editor", "Mirror.Editor.csproj", "{1f312217-2cc2-7cb5-4551-b559cf5a406f}"
EndProject
Project("{FAE04EC0-301F-11D3-BF4B-00C04F79EFBC}") = "Unity.2D.Sprite.Editor", "Unity.2D.Sprite.Editor.csproj", "{c3321531-c9d2-a8d2-b46f-793e88160be6}"
EndProject
Project("{FAE04EC0-301F-11D3-BF4B-00C04F79EFBC}") = "Mirror.CompilerSymbols", "Mirror.CompilerSymbols.csproj", "{6ee7ebc5-56a2-ef0b-437c-918b64f4a07c}"
EndProject
Project("{FAE04EC0-301F-11D3-BF4B-00C04F79EFBC}") = "UnityEditor.UI", "UnityEditor.UI.csproj", "{0e0254f9-45de-d2a9-b28a-cab14ca725bc}"
EndProject
Global
	GlobalSection(SolutionConfigurationPlatforms) = preSolution
		Debug|Any CPU = Debug|Any CPU
	EndGlobalSection
	GlobalSection(ProjectConfigurationPlatforms) = postSolution
		{b906c14f-52e5-e061-302e-67b32325493f}.Debug|Any CPU.ActiveCfg = Debug|Any CPU
		{b906c14f-52e5-e061-302e-67b32325493f}.Debug|Any CPU.Build.0 = Debug|Any CPU
		{eaa78b9a-0355-68e7-73a9-89e3fb94c336}.Debug|Any CPU.ActiveCfg = Debug|Any CPU
		{eaa78b9a-0355-68e7-73a9-89e3fb94c336}.Debug|Any CPU.Build.0 = Debug|Any CPU
		{8ffc6190-0247-c189-912c-9e6c442ace8a}.Debug|Any CPU.ActiveCfg = Debug|Any CPU
		{8ffc6190-0247-c189-912c-9e6c442ace8a}.Debug|Any CPU.Build.0 = Debug|Any CPU
		{79459773-182e-5778-4695-30b6bdc520ed}.Debug|Any CPU.ActiveCfg = Debug|Any CPU
		{79459773-182e-5778-4695-30b6bdc520ed}.Debug|Any CPU.Build.0 = Debug|Any CPU
		{2486cb9d-d1f0-a7e0-3d01-b1a1331e50c9}.Debug|Any CPU.ActiveCfg = Debug|Any CPU
		{2486cb9d-d1f0-a7e0-3d01-b1a1331e50c9}.Debug|Any CPU.Build.0 = Debug|Any CPU
		{9e1fb6eb-bbcb-ee78-007c-4add5eb52b0a}.Debug|Any CPU.ActiveCfg = Debug|Any CPU
		{9e1fb6eb-bbcb-ee78-007c-4add5eb52b0a}.Debug|Any CPU.Build.0 = Debug|Any CPU
		{d3f4773c-de95-3c69-62b3-f069b06c5b37}.Debug|Any CPU.ActiveCfg = Debug|Any CPU
		{d3f4773c-de95-3c69-62b3-f069b06c5b37}.Debug|Any CPU.Build.0 = Debug|Any CPU
		{c039814f-66d7-36b8-ea45-9b1a27195d7f}.Debug|Any CPU.ActiveCfg = Debug|Any CPU
		{c039814f-66d7-36b8-ea45-9b1a27195d7f}.Debug|Any CPU.Build.0 = Debug|Any CPU
		{99b6ccbd-ff90-31cf-ed26-94f4a8076025}.Debug|Any CPU.ActiveCfg = Debug|Any CPU
		{99b6ccbd-ff90-31cf-ed26-94f4a8076025}.Debug|Any CPU.Build.0 = Debug|Any CPU
		{9ee29865-a770-a234-f65e-38b078389c66}.Debug|Any CPU.ActiveCfg = Debug|Any CPU
		{9ee29865-a770-a234-f65e-38b078389c66}.Debug|Any CPU.Build.0 = Debug|Any CPU
		{03492192-284c-bce2-752c-ef587a214436}.Debug|Any CPU.ActiveCfg = Debug|Any CPU
		{03492192-284c-bce2-752c-ef587a214436}.Debug|Any CPU.Build.0 = Debug|Any CPU
		{2a3531ff-d094-6384-ae12-ff8868cd3801}.Debug|Any CPU.ActiveCfg = Debug|Any CPU
		{2a3531ff-d094-6384-ae12-ff8868cd3801}.Debug|Any CPU.Build.0 = Debug|Any CPU
		{1f312217-2cc2-7cb5-4551-b559cf5a406f}.Debug|Any CPU.ActiveCfg = Debug|Any CPU
		{1f312217-2cc2-7cb5-4551-b559cf5a406f}.Debug|Any CPU.Build.0 = Debug|Any CPU
		{c3321531-c9d2-a8d2-b46f-793e88160be6}.Debug|Any CPU.ActiveCfg = Debug|Any CPU
		{c3321531-c9d2-a8d2-b46f-793e88160be6}.Debug|Any CPU.Build.0 = Debug|Any CPU
		{6ee7ebc5-56a2-ef0b-437c-918b64f4a07c}.Debug|Any CPU.ActiveCfg = Debug|Any CPU
		{6ee7ebc5-56a2-ef0b-437c-918b64f4a07c}.Debug|Any CPU.Build.0 = Debug|Any CPU
		{0e0254f9-45de-d2a9-b28a-cab14ca725bc}.Debug|Any CPU.ActiveCfg = Debug|Any CPU
		{0e0254f9-45de-d2a9-b28a-cab14ca725bc}.Debug|Any CPU.Build.0 = Debug|Any CPU
	EndGlobalSection
	GlobalSection(SolutionProperties) = preSolution
		HideSolutionNode = FALSE
	EndGlobalSection
EndGlobal
